
Microsoft Visual Studio Solution File, Format Version 12.00
# Visual Studio Version 17
VisualStudioVersion = 17.9.34616.47
MinimumVisualStudioVersion = 10.0.40219.1
Project("{9A19103F-16F7-4668-BE54-9A1E7A4F7556}") = "CarRental", "CarRental\CarRental.csproj", "{9364BDDA-B565-4CB0-94E5-6E73D89687A8}"
EndProject
Project("{9A19103F-16F7-4668-BE54-9A1E7A4F7556}") = "CarRental.DataAccess", "CarRental.DataAccess\CarRental.DataAccess.csproj", "{87D23616-8B13-4052-93AB-94CC7C6F5C7A}"
EndProject
Project("{9A19103F-16F7-4668-BE54-9A1E7A4F7556}") = "CarRental.ApplicationServices", "CarRental.ApplicationServices\CarRental.ApplicationServices.csproj", "{626DB086-43CF-419E-82CA-5DBF1C0B26B8}"
EndProject
Project("{2150E333-8FDC-42A3-9474-1A3956D46DE8}") = "Solution Items", "Solution Items", "{3313ED69-E4D5-49D5-8919-327B3B7650C1}"
	ProjectSection(SolutionItems) = preProject
		.editorconfig = .editorconfig
	EndProjectSection
EndProject
Global
	GlobalSection(SolutionConfigurationPlatforms) = preSolution
		Debug|Any CPU = Debug|Any CPU
		Release|Any CPU = Release|Any CPU
	EndGlobalSection
	GlobalSection(ProjectConfigurationPlatforms) = postSolution
		{9364BDDA-B565-4CB0-94E5-6E73D89687A8}.Debug|Any CPU.ActiveCfg = Debug|Any CPU
		{9364BDDA-B565-4CB0-94E5-6E73D89687A8}.Debug|Any CPU.Build.0 = Debug|Any CPU
		{9364BDDA-B565-4CB0-94E5-6E73D89687A8}.Release|Any CPU.ActiveCfg = Release|Any CPU
		{9364BDDA-B565-4CB0-94E5-6E73D89687A8}.Release|Any CPU.Build.0 = Release|Any CPU
		{87D23616-8B13-4052-93AB-94CC7C6F5C7A}.Debug|Any CPU.ActiveCfg = Debug|Any CPU
		{87D23616-8B13-4052-93AB-94CC7C6F5C7A}.Debug|Any CPU.Build.0 = Debug|Any CPU
		{87D23616-8B13-4052-93AB-94CC7C6F5C7A}.Release|Any CPU.ActiveCfg = Release|Any CPU
		{87D23616-8B13-4052-93AB-94CC7C6F5C7A}.Release|Any CPU.Build.0 = Release|Any CPU
		{626DB086-43CF-419E-82CA-5DBF1C0B26B8}.Debug|Any CPU.ActiveCfg = Debug|Any CPU
		{626DB086-43CF-419E-82CA-5DBF1C0B26B8}.Debug|Any CPU.Build.0 = Debug|Any CPU
		{626DB086-43CF-419E-82CA-5DBF1C0B26B8}.Release|Any CPU.ActiveCfg = Release|Any CPU
		{626DB086-43CF-419E-82CA-5DBF1C0B26B8}.Release|Any CPU.Build.0 = Release|Any CPU
	EndGlobalSection
	GlobalSection(SolutionProperties) = preSolution
		HideSolutionNode = FALSE
	EndGlobalSection
	GlobalSection(ExtensibilityGlobals) = postSolution
		SolutionGuid = {942D0887-915C-46C7-9614-9D97EC32189E}
	EndGlobalSection
EndGlobal
